
Microsoft Visual Studio Solution File, Format Version 11.00
# Visual Studio 2010
Project("{FAE04EC0-301F-11D3-BF4B-00C04F79EFBC}") = "SPCP.Model", "SCPC.Model\SPCP.Model.csproj", "{F781C3CD-303E-48F8-94A0-6F1547B011DF}"
EndProject
Project("{FAE04EC0-301F-11D3-BF4B-00C04F79EFBC}") = "SPCP.view", "SCPC.View\SPCP.view.csproj", "{014DF13B-73BA-43BF-B6E8-E3682685CAA6}"
EndProject
Project("{FAE04EC0-301F-11D3-BF4B-00C04F79EFBC}") = "SPCP.Controller", "SCPC.Controller\SPCP.Controller.csproj", "{B2DF4FE2-C4E8-467D-9842-153C1B129432}"
EndProject
Project("{FAE04EC0-301F-11D3-BF4B-00C04F79EFBC}") = "SPCP.Util", "SCPC.Util\SPCP.Util.csproj", "{59FE5BCA-AB6E-4197-BCE4-59BC93B99CA3}"
EndProject
Project("{FAE04EC0-301F-11D3-BF4B-00C04F79EFBC}") = "teste", "teste\teste.csproj", "{BA48059A-4335-41A4-AAA9-7773E14AD623}"
EndProject
Project("{2150E333-8FDC-42A3-9474-1A3956D46DE8}") = "Solution Items", "Solution Items", "{1DAC3A2D-C495-421A-B4E6-86A04A3AE328}"
	ProjectSection(SolutionItems) = preProject
		Local.testsettings = Local.testsettings
		TraceAndTestImpact.testsettings = TraceAndTestImpact.testsettings
	EndProjectSection
EndProject
Global
	GlobalSection(SolutionConfigurationPlatforms) = preSolution
		Debug|Any CPU = Debug|Any CPU
		Debug|Mixed Platforms = Debug|Mixed Platforms
		Debug|x86 = Debug|x86
		Release|Any CPU = Release|Any CPU
		Release|Mixed Platforms = Release|Mixed Platforms
		Release|x86 = Release|x86
	EndGlobalSection
	GlobalSection(ProjectConfigurationPlatforms) = postSolution
		{F781C3CD-303E-48F8-94A0-6F1547B011DF}.Debug|Any CPU.ActiveCfg = Debug|Any CPU
		{F781C3CD-303E-48F8-94A0-6F1547B011DF}.Debug|Any CPU.Build.0 = Debug|Any CPU
		{F781C3CD-303E-48F8-94A0-6F1547B011DF}.Debug|Mixed Platforms.ActiveCfg = Debug|Any CPU
		{F781C3CD-303E-48F8-94A0-6F1547B011DF}.Debug|Mixed Platforms.Build.0 = Debug|Any CPU
		{F781C3CD-303E-48F8-94A0-6F1547B011DF}.Debug|x86.ActiveCfg = Debug|x86
		{F781C3CD-303E-48F8-94A0-6F1547B011DF}.Debug|x86.Build.0 = Debug|x86
		{F781C3CD-303E-48F8-94A0-6F1547B011DF}.Release|Any CPU.ActiveCfg = Release|Any CPU
		{F781C3CD-303E-48F8-94A0-6F1547B011DF}.Release|Any CPU.Build.0 = Release|Any CPU
		{F781C3CD-303E-48F8-94A0-6F1547B011DF}.Release|Mixed Platforms.ActiveCfg = Release|Any CPU
		{F781C3CD-303E-48F8-94A0-6F1547B011DF}.Release|Mixed Platforms.Build.0 = Release|Any CPU
		{F781C3CD-303E-48F8-94A0-6F1547B011DF}.Release|x86.ActiveCfg = Release|Any CPU
		{014DF13B-73BA-43BF-B6E8-E3682685CAA6}.Debug|Any CPU.ActiveCfg = Debug|x86
		{014DF13B-73BA-43BF-B6E8-E3682685CAA6}.Debug|Mixed Platforms.ActiveCfg = Debug|x86
		{014DF13B-73BA-43BF-B6E8-E3682685CAA6}.Debug|Mixed Platforms.Build.0 = Debug|x86
		{014DF13B-73BA-43BF-B6E8-E3682685CAA6}.Debug|x86.ActiveCfg = Debug|x86
		{014DF13B-73BA-43BF-B6E8-E3682685CAA6}.Debug|x86.Build.0 = Debug|x86
		{014DF13B-73BA-43BF-B6E8-E3682685CAA6}.Release|Any CPU.ActiveCfg = Release|x86
		{014DF13B-73BA-43BF-B6E8-E3682685CAA6}.Release|Mixed Platforms.ActiveCfg = Release|x86
		{014DF13B-73BA-43BF-B6E8-E3682685CAA6}.Release|Mixed Platforms.Build.0 = Release|x86
		{014DF13B-73BA-43BF-B6E8-E3682685CAA6}.Release|x86.ActiveCfg = Release|x86
		{014DF13B-73BA-43BF-B6E8-E3682685CAA6}.Release|x86.Build.0 = Release|x86
		{B2DF4FE2-C4E8-467D-9842-153C1B129432}.Debug|Any CPU.ActiveCfg = Debug|Any CPU
		{B2DF4FE2-C4E8-467D-9842-153C1B129432}.Debug|Any CPU.Build.0 = Debug|Any CPU
		{B2DF4FE2-C4E8-467D-9842-153C1B129432}.Debug|Mixed Platforms.ActiveCfg = Debug|Any CPU
		{B2DF4FE2-C4E8-467D-9842-153C1B129432}.Debug|Mixed Platforms.Build.0 = Debug|Any CPU
		{B2DF4FE2-C4E8-467D-9842-153C1B129432}.Debug|x86.ActiveCfg = Debug|x86
		{B2DF4FE2-C4E8-467D-9842-153C1B129432}.Debug|x86.Build.0 = Debug|x86
		{B2DF4FE2-C4E8-467D-9842-153C1B129432}.Release|Any CPU.ActiveCfg = Release|Any CPU
		{B2DF4FE2-C4E8-467D-9842-153C1B129432}.Release|Any CPU.Build.0 = Release|Any CPU
		{B2DF4FE2-C4E8-467D-9842-153C1B129432}.Release|Mixed Platforms.ActiveCfg = Release|Any CPU
		{B2DF4FE2-C4E8-467D-9842-153C1B129432}.Release|Mixed Platforms.Build.0 = Release|Any CPU
		{B2DF4FE2-C4E8-467D-9842-153C1B129432}.Release|x86.ActiveCfg = Release|Any CPU
		{59FE5BCA-AB6E-4197-BCE4-59BC93B99CA3}.Debug|Any CPU.ActiveCfg = Debug|x86
		{59FE5BCA-AB6E-4197-BCE4-59BC93B99CA3}.Debug|Mixed Platforms.ActiveCfg = Debug|x86
		{59FE5BCA-AB6E-4197-BCE4-59BC93B99CA3}.Debug|Mixed Platforms.Build.0 = Debug|x86
		{59FE5BCA-AB6E-4197-BCE4-59BC93B99CA3}.Debug|x86.ActiveCfg = Debug|x86
		{59FE5BCA-AB6E-4197-BCE4-59BC93B99CA3}.Debug|x86.Build.0 = Debug|x86
		{59FE5BCA-AB6E-4197-BCE4-59BC93B99CA3}.Release|Any CPU.ActiveCfg = Release|x86
		{59FE5BCA-AB6E-4197-BCE4-59BC93B99CA3}.Release|Mixed Platforms.ActiveCfg = Release|x86
		{59FE5BCA-AB6E-4197-BCE4-59BC93B99CA3}.Release|Mixed Platforms.Build.0 = Release|x86
		{59FE5BCA-AB6E-4197-BCE4-59BC93B99CA3}.Release|x86.ActiveCfg = Release|x86
		{59FE5BCA-AB6E-4197-BCE4-59BC93B99CA3}.Release|x86.Build.0 = Release|x86
		{BA48059A-4335-41A4-AAA9-7773E14AD623}.Debug|Any CPU.ActiveCfg = Debug|Any CPU
		{BA48059A-4335-41A4-AAA9-7773E14AD623}.Debug|Any CPU.Build.0 = Debug|Any CPU
		{BA48059A-4335-41A4-AAA9-7773E14AD623}.Debug|Mixed Platforms.ActiveCfg = Debug|Any CPU
		{BA48059A-4335-41A4-AAA9-7773E14AD623}.Debug|Mixed Platforms.Build.0 = Debug|Any CPU
		{BA48059A-4335-41A4-AAA9-7773E14AD623}.Debug|x86.ActiveCfg = Debug|x86
		{BA48059A-4335-41A4-AAA9-7773E14AD623}.Debug|x86.Build.0 = Debug|x86
		{BA48059A-4335-41A4-AAA9-7773E14AD623}.Release|Any CPU.ActiveCfg = Release|Any CPU
		{BA48059A-4335-41A4-AAA9-7773E14AD623}.Release|Any CPU.Build.0 = Release|Any CPU
		{BA48059A-4335-41A4-AAA9-7773E14AD623}.Release|Mixed Platforms.ActiveCfg = Release|Any CPU
		{BA48059A-4335-41A4-AAA9-7773E14AD623}.Release|Mixed Platforms.Build.0 = Release|Any CPU
		{BA48059A-4335-41A4-AAA9-7773E14AD623}.Release|x86.ActiveCfg = Release|Any CPU
	EndGlobalSection
	GlobalSection(SolutionProperties) = preSolution
		HideSolutionNode = FALSE
	EndGlobalSection
EndGlobal
